// !$*UTF8*$!
{
	archiveVersion = 1;
	classes = {
	};
	objectVersion = 50;
	objects = {

/* Begin PBXBuildFile section */
		FEAB558F2225E0C400CB385D /* AppDelegate.swift in Sources */ = {isa = PBXBuildFile; fileRef = FEAB558E2225E0C400CB385D /* AppDelegate.swift */; };
		FEAB55912225E0C400CB385D /* ViewController.swift in Sources */ = {isa = PBXBuildFile; fileRef = FEAB55902225E0C400CB385D /* ViewController.swift */; };
		FEAB55942225E0C400CB385D /* Main.storyboard in Resources */ = {isa = PBXBuildFile; fileRef = FEAB55922225E0C400CB385D /* Main.storyboard */; };
		FEAB55972225E0C400CB385D /* FestivalApp.xcdatamodeld in Sources */ = {isa = PBXBuildFile; fileRef = FEAB55952225E0C400CB385D /* FestivalApp.xcdatamodeld */; };
		FEAB55992225E0C600CB385D /* Assets.xcassets in Resources */ = {isa = PBXBuildFile; fileRef = FEAB55982225E0C600CB385D /* Assets.xcassets */; };
		FEAB559C2225E0C600CB385D /* LaunchScreen.storyboard in Resources */ = {isa = PBXBuildFile; fileRef = FEAB559A2225E0C600CB385D /* LaunchScreen.storyboard */; };
		FEAB55A42225E16B00CB385D /* festivals.json in Resources */ = {isa = PBXBuildFile; fileRef = FEAB55A32225E16B00CB385D /* festivals.json */; };
		FEAB55A62225F69600CB385D /* FestivalsEntries.swift in Sources */ = {isa = PBXBuildFile; fileRef = FEAB55A52225F69600CB385D /* FestivalsEntries.swift */; };
		FEAB55A82225F71800CB385D /* ViewControllerTVCell.swift in Sources */ = {isa = PBXBuildFile; fileRef = FEAB55A72225F71800CB385D /* ViewControllerTVCell.swift */; };
		FEAB55AA2225F9D000CB385D /* Contraints.swift in Sources */ = {isa = PBXBuildFile; fileRef = FEAB55A92225F9D000CB385D /* Contraints.swift */; };
/* End PBXBuildFile section */

/* Begin PBXFileReference section */
		FEAB558B2225E0C400CB385D /* FestivalApp.app */ = {isa = PBXFileReference; explicitFileType = wrapper.application; includeInIndex = 0; path = FestivalApp.app; sourceTree = BUILT_PRODUCTS_DIR; };
		FEAB558E2225E0C400CB385D /* AppDelegate.swift */ = {isa = PBXFileReference; lastKnownFileType = sourcecode.swift; path = AppDelegate.swift; sourceTree = "<group>"; };
		FEAB55902225E0C400CB385D /* ViewController.swift */ = {isa = PBXFileReference; lastKnownFileType = sourcecode.swift; path = ViewController.swift; sourceTree = "<group>"; };
		FEAB55932225E0C400CB385D /* Base */ = {isa = PBXFileReference; lastKnownFileType = file.storyboard; name = Base; path = Base.lproj/Main.storyboard; sourceTree = "<group>"; };
		FEAB55962225E0C400CB385D /* FestivalApp.xcdatamodel */ = {isa = PBXFileReference; lastKnownFileType = wrapper.xcdatamodel; path = FestivalApp.xcdatamodel; sourceTree = "<group>"; };
		FEAB55982225E0C600CB385D /* Assets.xcassets */ = {isa = PBXFileReference; lastKnownFileType = folder.assetcatalog; path = Assets.xcassets; sourceTree = "<group>"; };
		FEAB559B2225E0C600CB385D /* Base */ = {isa = PBXFileReference; lastKnownFileType = file.storyboard; name = Base; path = Base.lproj/LaunchScreen.storyboard; sourceTree = "<group>"; };
		FEAB559D2225E0C600CB385D /* Info.plist */ = {isa = PBXFileReference; lastKnownFileType = text.plist.xml; path = Info.plist; sourceTree = "<group>"; };
		FEAB55A32225E16B00CB385D /* festivals.json */ = {isa = PBXFileReference; fileEncoding = 4; lastKnownFileType = text.json; path = festivals.json; sourceTree = "<group>"; };
		FEAB55A52225F69600CB385D /* FestivalsEntries.swift */ = {isa = PBXFileReference; lastKnownFileType = sourcecode.swift; path = FestivalsEntries.swift; sourceTree = "<group>"; };
		FEAB55A72225F71800CB385D /* ViewControllerTVCell.swift */ = {isa = PBXFileReference; lastKnownFileType = sourcecode.swift; path = ViewControllerTVCell.swift; sourceTree = "<group>"; };
		FEAB55A92225F9D000CB385D /* Contraints.swift */ = {isa = PBXFileReference; lastKnownFileType = sourcecode.swift; path = Contraints.swift; sourceTree = "<group>"; };
/* End PBXFileReference section */

/* Begin PBXFrameworksBuildPhase section */
		FEAB55882225E0C400CB385D /* Frameworks */ = {
			isa = PBXFrameworksBuildPhase;
			buildActionMask = 2147483647;
			files = (
			);
			runOnlyForDeploymentPostprocessing = 0;
		};
/* End PBXFrameworksBuildPhase section */

/* Begin PBXGroup section */
		FEAB55822225E0C400CB385D = {
			isa = PBXGroup;
			children = (
				FEAB558D2225E0C400CB385D /* FestivalApp */,
				FEAB558C2225E0C400CB385D /* Products */,
			);
			sourceTree = "<group>";
		};
		FEAB558C2225E0C400CB385D /* Products */ = {
			isa = PBXGroup;
			children = (
				FEAB558B2225E0C400CB385D /* FestivalApp.app */,
			);
			name = Products;
			sourceTree = "<group>";
		};
		FEAB558D2225E0C400CB385D /* FestivalApp */ = {
			isa = PBXGroup;
			children = (
				FEAB558E2225E0C400CB385D /* AppDelegate.swift */,
				FEAB55A32225E16B00CB385D /* festivals.json */,
				FEAB55A52225F69600CB385D /* FestivalsEntries.swift */,
				FEAB55902225E0C400CB385D /* ViewController.swift */,
				FEAB55A72225F71800CB385D /* ViewControllerTVCell.swift */,
				FEAB55A92225F9D000CB385D /* Contraints.swift */,
				FEAB55922225E0C400CB385D /* Main.storyboard */,
				FEAB55982225E0C600CB385D /* Assets.xcassets */,
				FEAB559A2225E0C600CB385D /* LaunchScreen.storyboard */,
				FEAB559D2225E0C600CB385D /* Info.plist */,
				FEAB55952225E0C400CB385D /* FestivalApp.xcdatamodeld */,
			);
			path = FestivalApp;
			sourceTree = "<group>";
		};
/* End PBXGroup section */

/* Begin PBXNativeTarget section */
		FEAB558A2225E0C400CB385D /* FestivalApp */ = {
			isa = PBXNativeTarget;
			buildConfigurationList = FEAB55A02225E0C600CB385D /* Build configuration list for PBXNativeTarget "FestivalApp" */;
			buildPhases = (
				FEAB55872225E0C400CB385D /* Sources */,
				FEAB55882225E0C400CB385D /* Frameworks */,
				FEAB55892225E0C400CB385D /* Resources */,
			);
			buildRules = (
			);
			dependencies = (
			);
			name = FestivalApp;
			productName = FestivalApp;
			productReference = FEAB558B2225E0C400CB385D /* FestivalApp.app */;
			productType = "com.apple.product-type.application";
		};
/* End PBXNativeTarget section */

/* Begin PBXProject section */
		FEAB55832225E0C400CB385D /* Project object */ = {
			isa = PBXProject;
			attributes = {
				LastSwiftUpdateCheck = 1010;
				LastUpgradeCheck = 1010;
				ORGANIZATIONNAME = luxury;
				TargetAttributes = {
					FEAB558A2225E0C400CB385D = {
						CreatedOnToolsVersion = 10.1;
					};
				};
			};
			buildConfigurationList = FEAB55862225E0C400CB385D /* Build configuration list for PBXProject "FestivalApp" */;
			compatibilityVersion = "Xcode 9.3";
			developmentRegion = en;
			hasScannedForEncodings = 0;
			knownRegions = (
				en,
				Base,
			);
			mainGroup = FEAB55822225E0C400CB385D;
			productRefGroup = FEAB558C2225E0C400CB385D /* Products */;
			projectDirPath = "";
			projectRoot = "";
			targets = (
				FEAB558A2225E0C400CB385D /* FestivalApp */,
			);
		};
/* End PBXProject section */

/* Begin PBXResourcesBuildPhase section */
		FEAB55892225E0C400CB385D /* Resources */ = {
			isa = PBXResourcesBuildPhase;
			buildActionMask = 2147483647;
			files = (
				FEAB559C2225E0C600CB385D /* LaunchScreen.storyboard in Resources */,
				FEAB55992225E0C600CB385D /* Assets.xcassets in Resources */,
				FEAB55942225E0C400CB385D /* Main.storyboard in Resources */,
				FEAB55A42225E16B00CB385D /* festivals.json in Resources */,
			);
			runOnlyForDeploymentPostprocessing = 0;
		};
/* End PBXResourcesBuildPhase section */

/* Begin PBXSourcesBuildPhase section */
		FEAB55872225E0C400CB385D /* Sources */ = {
			isa = PBXSourcesBuildPhase;
			buildActionMask = 2147483647;
			files = (
				FEAB55AA2225F9D000CB385D /* Contraints.swift in Sources */,
				FEAB55A62225F69600CB385D /* FestivalsEntries.swift in Sources */,
				FEAB55A82225F71800CB385D /* ViewControllerTVCell.swift in Sources */,
				FEAB55972225E0C400CB385D /* FestivalApp.xcdatamodeld in Sources */,
				FEAB55912225E0C400CB385D /* ViewController.swift in Sources */,
				FEAB558F2225E0C400CB385D /* AppDelegate.swift in Sources */,
			);
			runOnlyForDeploymentPostprocessing = 0;
		};
/* End PBXSourcesBuildPhase section */

/* Begin PBXVariantGroup section */
		FEAB55922225E0C400CB385D /* Main.storyboard */ = {
			isa = PBXVariantGroup;
			children = (
				FEAB55932225E0C400CB385D /* Base */,
			);
			name = Main.storyboard;
			sourceTree = "<group>";
		};
		FEAB559A2225E0C600CB385D /* LaunchScreen.storyboard */ = {
			isa = PBXVariantGroup;
			children = (
				FEAB559B2225E0C600CB385D /* Base */,
			);
			name = LaunchScreen.storyboard;
			sourceTree = "<group>";
		};
/* End PBXVariantGroup section */

/* Begin XCBuildConfiguration section */
		FEAB559E2225E0C600CB385D /* Debug */ = {
			isa = XCBuildConfiguration;
			buildSettings = {
				ALWAYS_SEARCH_USER_PATHS = NO;
				CLANG_ANALYZER_NONNULL = YES;
				CLANG_ANALYZER_NUMBER_OBJECT_CONVERSION = YES_AGGRESSIVE;
				CLANG_CXX_LANGUAGE_STANDARD = "gnu++14";
				CLANG_CXX_LIBRARY = "libc++";
				CLANG_ENABLE_MODULES = YES;
				CLANG_ENABLE_OBJC_ARC = YES;
				CLANG_ENABLE_OBJC_WEAK = YES;
				CLANG_WARN_BLOCK_CAPTURE_AUTORELEASING = YES;
				CLANG_WARN_BOOL_CONVERSION = YES;
				CLANG_WARN_COMMA = YES;
				CLANG_WARN_CONSTANT_CONVERSION = YES;
				CLANG_WARN_DEPRECATED_OBJC_IMPLEMENTATIONS = YES;
				CLANG_WARN_DIRECT_OBJC_ISA_USAGE = YES_ERROR;
				CLANG_WARN_DOCUMENTATION_COMMENTS = YES;
				CLANG_WARN_EMPTY_BODY = YES;
				CLANG_WARN_ENUM_CONVERSION = YES;
				CLANG_WARN_INFINITE_RECURSION = YES;
				CLANG_WARN_INT_CONVERSION = YES;
				CLANG_WARN_NON_LITERAL_NULL_CONVERSION = YES;
				CLANG_WARN_OBJC_IMPLICIT_RETAIN_SELF = YES;
				CLANG_WARN_OBJC_LITERAL_CONVERSION = YES;
				CLANG_WARN_OBJC_ROOT_CLASS = YES_ERROR;
				CLANG_WARN_RANGE_LOOP_ANALYSIS = YES;
				CLANG_WARN_STRICT_PROTOTYPES = YES;
				CLANG_WARN_SUSPICIOUS_MOVE = YES;
				CLANG_WARN_UNGUARDED_AVAILABILITY = YES_AGGRESSIVE;
				CLANG_WARN_UNREACHABLE_CODE = YES;
				CLANG_WARN__DUPLICATE_METHOD_MATCH = YES;
				CODE_SIGN_IDENTITY = "iPhone Developer";
				COPY_PHASE_STRIP = NO;
				DEBUG_INFORMATION_FORMAT = dwarf;
				ENABLE_STRICT_OBJC_MSGSEND = YES;
				ENABLE_TESTABILITY = YES;
				GCC_C_LANGUAGE_STANDARD = gnu11;
				GCC_DYNAMIC_NO_PIC = NO;
				GCC_NO_COMMON_BLOCKS = YES;
				GCC_OPTIMIZATION_LEVEL = 0;
				GCC_PREPROCESSOR_DEFINITIONS = (
					"DEBUG=1",
					"$(inherited)",
				);
				GCC_WARN_64_TO_32_BIT_CONVERSION = YES;
				GCC_WARN_ABOUT_RETURN_TYPE = YES_ERROR;
				GCC_WARN_UNDECLARED_SELECTOR = YES;
				GCC_WARN_UNINITIALIZED_AUTOS = YES_AGGRESSIVE;
				GCC_WARN_UNUSED_FUNCTION = YES;
				GCC_WARN_UNUSED_VARIABLE = YES;
				IPHONEOS_DEPLOYMENT_TARGET = 12.1;
				MTL_ENABLE_DEBUG_INFO = INCLUDE_SOURCE;
				MTL_FAST_MATH = YES;
				ONLY_ACTIVE_ARCH = YES;
				SDKROOT = iphoneos;
				SWIFT_ACTIVE_COMPILATION_CONDITIONS = DEBUG;
				SWIFT_OPTIMIZATION_LEVEL = "-Onone";
			};
			name = Debug;
		};
		FEAB559F2225E0C600CB385D /* Release */ = {
			isa = XCBuildConfiguration;
			buildSettings = {
				ALWAYS_SEARCH_USER_PATHS = NO;
				CLANG_ANALYZER_NONNULL = YES;
				CLANG_ANALYZER_NUMBER_OBJECT_CONVERSION = YES_AGGRESSIVE;
				CLANG_CXX_LANGUAGE_STANDARD = "gnu++14";
				CLANG_CXX_LIBRARY = "libc++";
				CLANG_ENABLE_MODULES = YES;
				CLANG_ENABLE_OBJC_ARC = YES;
				CLANG_ENABLE_OBJC_WEAK = YES;
				CLANG_WARN_BLOCK_CAPTURE_AUTORELEASING = YES;
				CLANG_WARN_BOOL_CONVERSION = YES;
				CLANG_WARN_COMMA = YES;
				CLANG_WARN_CONSTANT_CONVERSION = YES;
				CLANG_WARN_DEPRECATED_OBJC_IMPLEMENTATIONS = YES;
				CLANG_WARN_DIRECT_OBJC_ISA_USAGE = YES_ERROR;
				CLANG_WARN_DOCUMENTATION_COMMENTS = YES;
				CLANG_WARN_EMPTY_BODY = YES;
				CLANG_WARN_ENUM_CONVERSION = YES;
				CLANG_WARN_INFINITE_RECURSION = YES;
				CLANG_WARN_INT_CONVERSION = YES;
				CLANG_WARN_NON_LITERAL_NULL_CONVERSION = YES;
				CLANG_WARN_OBJC_IMPLICIT_RETAIN_SELF = YES;
				CLANG_WARN_OBJC_LITERAL_CONVERSION = YES;
				CLANG_WARN_OBJC_ROOT_CLASS = YES_ERROR;
				CLANG_WARN_RANGE_LOOP_ANALYSIS = YES;
				CLANG_WARN_STRICT_PROTOTYPES = YES;
				CLANG_WARN_SUSPICIOUS_MOVE = YES;
				CLANG_WARN_UNGUARDED_AVAILABILITY = YES_AGGRESSIVE;
				CLANG_WARN_UNREACHABLE_CODE = YES;
				CLANG_WARN__DUPLICATE_METHOD_MATCH = YES;
				CODE_SIGN_IDENTITY = "iPhone Developer";
				COPY_PHASE_STRIP = NO;
				DEBUG_INFORMATION_FORMAT = "dwarf-with-dsym";
				ENABLE_NS_ASSERTIONS = NO;
				ENABLE_STRICT_OBJC_MSGSEND = YES;
				GCC_C_LANGUAGE_STANDARD = gnu11;
				GCC_NO_COMMON_BLOCKS = YES;
				GCC_WARN_64_TO_32_BIT_CONVERSION = YES;
				GCC_WARN_ABOUT_RETURN_TYPE = YES_ERROR;
				GCC_WARN_UNDECLARED_SELECTOR = YES;
				GCC_WARN_UNINITIALIZED_AUTOS = YES_AGGRESSIVE;
				GCC_WARN_UNUSED_FUNCTION = YES;
				GCC_WARN_UNUSED_VARIABLE = YES;
				IPHONEOS_DEPLOYMENT_TARGET = 12.1;
				MTL_ENABLE_DEBUG_INFO = NO;
				MTL_FAST_MATH = YES;
				SDKROOT = iphoneos;
				SWIFT_COMPILATION_MODE = wholemodule;
				SWIFT_OPTIMIZATION_LEVEL = "-O";
				VALIDATE_PRODUCT = YES;
			};
			name = Release;
		};
		FEAB55A12225E0C600CB385D /* Debug */ = {
			isa = XCBuildConfiguration;
			buildSettings = {
				ASSETCATALOG_COMPILER_APPICON_NAME = AppIcon;
				CODE_SIGN_STYLE = Automatic;
				DEVELOPMENT_TEAM = DFUU36AARG;
				INFOPLIST_FILE = FestivalApp/Info.plist;
				LD_RUNPATH_SEARCH_PATHS = (
					"$(inherited)",
					"@executable_path/Frameworks",
				);
				PRODUCT_BUNDLE_IDENTIFIER = makeschool.FestivalApp;
				PRODUCT_NAME = "$(TARGET_NAME)";
				SWIFT_VERSION = 4.2;
				TARGETED_DEVICE_FAMILY = "1,2";
			};
			name = Debug;
		};
		FEAB55A22225E0C600CB385D /* Release */ = {
			isa = XCBuildConfiguration;
			buildSettings = {
				ASSETCATALOG_COMPILER_APPICON_NAME = AppIcon;
				CODE_SIGN_STYLE = Automatic;
				DEVELOPMENT_TEAM = DFUU36AARG;
				INFOPLIST_FILE = FestivalApp/Info.plist;
				LD_RUNPATH_SEARCH_PATHS = (
					"$(inherited)",
					"@executable_path/Frameworks",
				);
				PRODUCT_BUNDLE_IDENTIFIER = makeschool.FestivalApp;
				PRODUCT_NAME = "$(TARGET_NAME)";
				SWIFT_VERSION = 4.2;
				TARGETED_DEVICE_FAMILY = "1,2";
			};
			name = Release;
		};
/* End XCBuildConfiguration section */

/* Begin XCConfigurationList section */
		FEAB55862225E0C400CB385D /* Build configuration list for PBXProject "FestivalApp" */ = {
			isa = XCConfigurationList;
			buildConfigurations = (
				FEAB559E2225E0C600CB385D /* Debug */,
				FEAB559F2225E0C600CB385D /* Release */,
			);
			defaultConfigurationIsVisible = 0;
			defaultConfigurationName = Release;
		};
		FEAB55A02225E0C600CB385D /* Build configuration list for PBXNativeTarget "FestivalApp" */ = {
			isa = XCConfigurationList;
			buildConfigurations = (
				FEAB55A12225E0C600CB385D /* Debug */,
				FEAB55A22225E0C600CB385D /* Release */,
			);
			defaultConfigurationIsVisible = 0;
			defaultConfigurationName = Release;
		};
/* End XCConfigurationList section */

/* Begin XCVersionGroup section */
		FEAB55952225E0C400CB385D /* FestivalApp.xcdatamodeld */ = {
			isa = XCVersionGroup;
			children = (
				FEAB55962225E0C400CB385D /* FestivalApp.xcdatamodel */,
			);
			currentVersion = FEAB55962225E0C400CB385D /* FestivalApp.xcdatamodel */;
			path = FestivalApp.xcdatamodeld;
			sourceTree = "<group>";
			versionGroupType = wrapper.xcdatamodel;
		};
/* End XCVersionGroup section */
	};
	rootObject = FEAB55832225E0C400CB385D /* Project object */;
}
