// !$*UTF8*$!
{
	archiveVersion = 1;
	classes = {
	};
	objectVersion = 50;
	objects = {

/* Begin PBXBuildFile section */
		FE8B9674219D0814009DE6D8 /* AppDelegate.swift in Sources */ = {isa = PBXBuildFile; fileRef = FE8B9673219D0814009DE6D8 /* AppDelegate.swift */; };
		FE8B967B219D0816009DE6D8 /* Assets.xcassets in Resources */ = {isa = PBXBuildFile; fileRef = FE8B967A219D0816009DE6D8 /* Assets.xcassets */; };
		FE8B967E219D0816009DE6D8 /* LaunchScreen.storyboard in Resources */ = {isa = PBXBuildFile; fileRef = FE8B967C219D0816009DE6D8 /* LaunchScreen.storyboard */; };
		FE8B968B219D4B48009DE6D8 /* UIViewControllerExtensions.swift in Sources */ = {isa = PBXBuildFile; fileRef = FE8B968A219D4B48009DE6D8 /* UIViewControllerExtensions.swift */; };
		FE8B968E219D4EA3009DE6D8 /* HabitsTableViewController.swift in Sources */ = {isa = PBXBuildFile; fileRef = FE8B968C219D4EA3009DE6D8 /* HabitsTableViewController.swift */; };
		FE8B968F219D4EA3009DE6D8 /* HabitsTableViewController.xib in Resources */ = {isa = PBXBuildFile; fileRef = FE8B968D219D4EA3009DE6D8 /* HabitsTableViewController.xib */; };
		FE8B9691219D54E8009DE6D8 /* Habit.swift in Sources */ = {isa = PBXBuildFile; fileRef = FE8B9690219D54E8009DE6D8 /* Habit.swift */; };
		FE8B9693219D5624009DE6D8 /* DateExtensions.swift in Sources */ = {isa = PBXBuildFile; fileRef = FE8B9692219D5624009DE6D8 /* DateExtensions.swift */; };
/* End PBXBuildFile section */

/* Begin PBXFileReference section */
		FE8B9670219D0814009DE6D8 /* Habitual.app */ = {isa = PBXFileReference; explicitFileType = wrapper.application; includeInIndex = 0; path = Habitual.app; sourceTree = BUILT_PRODUCTS_DIR; };
		FE8B9673219D0814009DE6D8 /* AppDelegate.swift */ = {isa = PBXFileReference; lastKnownFileType = sourcecode.swift; path = AppDelegate.swift; sourceTree = "<group>"; };
		FE8B967A219D0816009DE6D8 /* Assets.xcassets */ = {isa = PBXFileReference; lastKnownFileType = folder.assetcatalog; path = Assets.xcassets; sourceTree = "<group>"; };
		FE8B967D219D0816009DE6D8 /* Base */ = {isa = PBXFileReference; lastKnownFileType = file.storyboard; name = Base; path = Base.lproj/LaunchScreen.storyboard; sourceTree = "<group>"; };
		FE8B967F219D0816009DE6D8 /* Info.plist */ = {isa = PBXFileReference; lastKnownFileType = text.plist.xml; path = Info.plist; sourceTree = "<group>"; };
		FE8B968A219D4B48009DE6D8 /* UIViewControllerExtensions.swift */ = {isa = PBXFileReference; lastKnownFileType = sourcecode.swift; path = UIViewControllerExtensions.swift; sourceTree = "<group>"; };
		FE8B968C219D4EA3009DE6D8 /* HabitsTableViewController.swift */ = {isa = PBXFileReference; lastKnownFileType = sourcecode.swift; path = HabitsTableViewController.swift; sourceTree = "<group>"; };
		FE8B968D219D4EA3009DE6D8 /* HabitsTableViewController.xib */ = {isa = PBXFileReference; lastKnownFileType = file.xib; path = HabitsTableViewController.xib; sourceTree = "<group>"; };
		FE8B9690219D54E8009DE6D8 /* Habit.swift */ = {isa = PBXFileReference; lastKnownFileType = sourcecode.swift; path = Habit.swift; sourceTree = "<group>"; };
		FE8B9692219D5624009DE6D8 /* DateExtensions.swift */ = {isa = PBXFileReference; lastKnownFileType = sourcecode.swift; path = DateExtensions.swift; sourceTree = "<group>"; };
/* End PBXFileReference section */

/* Begin PBXFrameworksBuildPhase section */
		FE8B966D219D0814009DE6D8 /* Frameworks */ = {
			isa = PBXFrameworksBuildPhase;
			buildActionMask = 2147483647;
			files = (
			);
			runOnlyForDeploymentPostprocessing = 0;
		};
/* End PBXFrameworksBuildPhase section */

/* Begin PBXGroup section */
		FE8B9667219D0814009DE6D8 = {
			isa = PBXGroup;
			children = (
				FE8B9672219D0814009DE6D8 /* Habitual */,
				FE8B9671219D0814009DE6D8 /* Products */,
			);
			sourceTree = "<group>";
		};
		FE8B9671219D0814009DE6D8 /* Products */ = {
			isa = PBXGroup;
			children = (
				FE8B9670219D0814009DE6D8 /* Habitual.app */,
			);
			name = Products;
			sourceTree = "<group>";
		};
		FE8B9672219D0814009DE6D8 /* Habitual */ = {
			isa = PBXGroup;
			children = (
				FE8B9673219D0814009DE6D8 /* AppDelegate.swift */,
				FE8B9690219D54E8009DE6D8 /* Habit.swift */,
				FE8B9689219D0B05009DE6D8 /* Views */,
				FE8B968A219D4B48009DE6D8 /* UIViewControllerExtensions.swift */,
				FE8B9692219D5624009DE6D8 /* DateExtensions.swift */,
				FE8B967A219D0816009DE6D8 /* Assets.xcassets */,
				FE8B967C219D0816009DE6D8 /* LaunchScreen.storyboard */,
				FE8B967F219D0816009DE6D8 /* Info.plist */,
			);
			path = Habitual;
			sourceTree = "<group>";
		};
		FE8B9689219D0B05009DE6D8 /* Views */ = {
			isa = PBXGroup;
			children = (
				FE8B968C219D4EA3009DE6D8 /* HabitsTableViewController.swift */,
				FE8B968D219D4EA3009DE6D8 /* HabitsTableViewController.xib */,
			);
			path = Views;
			sourceTree = "<group>";
		};
/* End PBXGroup section */

/* Begin PBXNativeTarget section */
		FE8B966F219D0814009DE6D8 /* Habitual */ = {
			isa = PBXNativeTarget;
			buildConfigurationList = FE8B9682219D0816009DE6D8 /* Build configuration list for PBXNativeTarget "Habitual" */;
			buildPhases = (
				FE8B966C219D0814009DE6D8 /* Sources */,
				FE8B966D219D0814009DE6D8 /* Frameworks */,
				FE8B966E219D0814009DE6D8 /* Resources */,
			);
			buildRules = (
			);
			dependencies = (
			);
			name = Habitual;
			productName = Habitual;
			productReference = FE8B9670219D0814009DE6D8 /* Habitual.app */;
			productType = "com.apple.product-type.application";
		};
/* End PBXNativeTarget section */

/* Begin PBXProject section */
		FE8B9668219D0814009DE6D8 /* Project object */ = {
			isa = PBXProject;
			attributes = {
				LastSwiftUpdateCheck = 1000;
				LastUpgradeCheck = 1000;
				ORGANIZATIONNAME = luxury;
				TargetAttributes = {
					FE8B966F219D0814009DE6D8 = {
						CreatedOnToolsVersion = 10.0;
					};
				};
			};
			buildConfigurationList = FE8B966B219D0814009DE6D8 /* Build configuration list for PBXProject "Habitual" */;
			compatibilityVersion = "Xcode 9.3";
			developmentRegion = en;
			hasScannedForEncodings = 0;
			knownRegions = (
				en,
				Base,
			);
			mainGroup = FE8B9667219D0814009DE6D8;
			productRefGroup = FE8B9671219D0814009DE6D8 /* Products */;
			projectDirPath = "";
			projectRoot = "";
			targets = (
				FE8B966F219D0814009DE6D8 /* Habitual */,
			);
		};
/* End PBXProject section */

/* Begin PBXResourcesBuildPhase section */
		FE8B966E219D0814009DE6D8 /* Resources */ = {
			isa = PBXResourcesBuildPhase;
			buildActionMask = 2147483647;
			files = (
				FE8B967E219D0816009DE6D8 /* LaunchScreen.storyboard in Resources */,
				FE8B968F219D4EA3009DE6D8 /* HabitsTableViewController.xib in Resources */,
				FE8B967B219D0816009DE6D8 /* Assets.xcassets in Resources */,
			);
			runOnlyForDeploymentPostprocessing = 0;
		};
/* End PBXResourcesBuildPhase section */

/* Begin PBXSourcesBuildPhase section */
		FE8B966C219D0814009DE6D8 /* Sources */ = {
			isa = PBXSourcesBuildPhase;
			buildActionMask = 2147483647;
			files = (
				FE8B968E219D4EA3009DE6D8 /* HabitsTableViewController.swift in Sources */,
				FE8B9693219D5624009DE6D8 /* DateExtensions.swift in Sources */,
				FE8B968B219D4B48009DE6D8 /* UIViewControllerExtensions.swift in Sources */,
				FE8B9691219D54E8009DE6D8 /* Habit.swift in Sources */,
				FE8B9674219D0814009DE6D8 /* AppDelegate.swift in Sources */,
			);
			runOnlyForDeploymentPostprocessing = 0;
		};
/* End PBXSourcesBuildPhase section */

/* Begin PBXVariantGroup section */
		FE8B967C219D0816009DE6D8 /* LaunchScreen.storyboard */ = {
			isa = PBXVariantGroup;
			children = (
				FE8B967D219D0816009DE6D8 /* Base */,
			);
			name = LaunchScreen.storyboard;
			sourceTree = "<group>";
		};
/* End PBXVariantGroup section */

/* Begin XCBuildConfiguration section */
		FE8B9680219D0816009DE6D8 /* Debug */ = {
			isa = XCBuildConfiguration;
			buildSettings = {
				ALWAYS_SEARCH_USER_PATHS = NO;
				CLANG_ANALYZER_NONNULL = YES;
				CLANG_ANALYZER_NUMBER_OBJECT_CONVERSION = YES_AGGRESSIVE;
				CLANG_CXX_LANGUAGE_STANDARD = "gnu++14";
				CLANG_CXX_LIBRARY = "libc++";
				CLANG_ENABLE_MODULES = YES;
				CLANG_ENABLE_OBJC_ARC = YES;
				CLANG_ENABLE_OBJC_WEAK = YES;
				CLANG_WARN_BLOCK_CAPTURE_AUTORELEASING = YES;
				CLANG_WARN_BOOL_CONVERSION = YES;
				CLANG_WARN_COMMA = YES;
				CLANG_WARN_CONSTANT_CONVERSION = YES;
				CLANG_WARN_DEPRECATED_OBJC_IMPLEMENTATIONS = YES;
				CLANG_WARN_DIRECT_OBJC_ISA_USAGE = YES_ERROR;
				CLANG_WARN_DOCUMENTATION_COMMENTS = YES;
				CLANG_WARN_EMPTY_BODY = YES;
				CLANG_WARN_ENUM_CONVERSION = YES;
				CLANG_WARN_INFINITE_RECURSION = YES;
				CLANG_WARN_INT_CONVERSION = YES;
				CLANG_WARN_NON_LITERAL_NULL_CONVERSION = YES;
				CLANG_WARN_OBJC_IMPLICIT_RETAIN_SELF = YES;
				CLANG_WARN_OBJC_LITERAL_CONVERSION = YES;
				CLANG_WARN_OBJC_ROOT_CLASS = YES_ERROR;
				CLANG_WARN_RANGE_LOOP_ANALYSIS = YES;
				CLANG_WARN_STRICT_PROTOTYPES = YES;
				CLANG_WARN_SUSPICIOUS_MOVE = YES;
				CLANG_WARN_UNGUARDED_AVAILABILITY = YES_AGGRESSIVE;
				CLANG_WARN_UNREACHABLE_CODE = YES;
				CLANG_WARN__DUPLICATE_METHOD_MATCH = YES;
				CODE_SIGN_IDENTITY = "iPhone Developer";
				COPY_PHASE_STRIP = NO;
				DEBUG_INFORMATION_FORMAT = dwarf;
				ENABLE_STRICT_OBJC_MSGSEND = YES;
				ENABLE_TESTABILITY = YES;
				GCC_C_LANGUAGE_STANDARD = gnu11;
				GCC_DYNAMIC_NO_PIC = NO;
				GCC_NO_COMMON_BLOCKS = YES;
				GCC_OPTIMIZATION_LEVEL = 0;
				GCC_PREPROCESSOR_DEFINITIONS = (
					"DEBUG=1",
					"$(inherited)",
				);
				GCC_WARN_64_TO_32_BIT_CONVERSION = YES;
				GCC_WARN_ABOUT_RETURN_TYPE = YES_ERROR;
				GCC_WARN_UNDECLARED_SELECTOR = YES;
				GCC_WARN_UNINITIALIZED_AUTOS = YES_AGGRESSIVE;
				GCC_WARN_UNUSED_FUNCTION = YES;
				GCC_WARN_UNUSED_VARIABLE = YES;
				IPHONEOS_DEPLOYMENT_TARGET = 12.0;
				MTL_ENABLE_DEBUG_INFO = INCLUDE_SOURCE;
				MTL_FAST_MATH = YES;
				ONLY_ACTIVE_ARCH = YES;
				SDKROOT = iphoneos;
				SWIFT_ACTIVE_COMPILATION_CONDITIONS = DEBUG;
				SWIFT_OPTIMIZATION_LEVEL = "-Onone";
			};
			name = Debug;
		};
		FE8B9681219D0816009DE6D8 /* Release */ = {
			isa = XCBuildConfiguration;
			buildSettings = {
				ALWAYS_SEARCH_USER_PATHS = NO;
				CLANG_ANALYZER_NONNULL = YES;
				CLANG_ANALYZER_NUMBER_OBJECT_CONVERSION = YES_AGGRESSIVE;
				CLANG_CXX_LANGUAGE_STANDARD = "gnu++14";
				CLANG_CXX_LIBRARY = "libc++";
				CLANG_ENABLE_MODULES = YES;
				CLANG_ENABLE_OBJC_ARC = YES;
				CLANG_ENABLE_OBJC_WEAK = YES;
				CLANG_WARN_BLOCK_CAPTURE_AUTORELEASING = YES;
				CLANG_WARN_BOOL_CONVERSION = YES;
				CLANG_WARN_COMMA = YES;
				CLANG_WARN_CONSTANT_CONVERSION = YES;
				CLANG_WARN_DEPRECATED_OBJC_IMPLEMENTATIONS = YES;
				CLANG_WARN_DIRECT_OBJC_ISA_USAGE = YES_ERROR;
				CLANG_WARN_DOCUMENTATION_COMMENTS = YES;
				CLANG_WARN_EMPTY_BODY = YES;
				CLANG_WARN_ENUM_CONVERSION = YES;
				CLANG_WARN_INFINITE_RECURSION = YES;
				CLANG_WARN_INT_CONVERSION = YES;
				CLANG_WARN_NON_LITERAL_NULL_CONVERSION = YES;
				CLANG_WARN_OBJC_IMPLICIT_RETAIN_SELF = YES;
				CLANG_WARN_OBJC_LITERAL_CONVERSION = YES;
				CLANG_WARN_OBJC_ROOT_CLASS = YES_ERROR;
				CLANG_WARN_RANGE_LOOP_ANALYSIS = YES;
				CLANG_WARN_STRICT_PROTOTYPES = YES;
				CLANG_WARN_SUSPICIOUS_MOVE = YES;
				CLANG_WARN_UNGUARDED_AVAILABILITY = YES_AGGRESSIVE;
				CLANG_WARN_UNREACHABLE_CODE = YES;
				CLANG_WARN__DUPLICATE_METHOD_MATCH = YES;
				CODE_SIGN_IDENTITY = "iPhone Developer";
				COPY_PHASE_STRIP = NO;
				DEBUG_INFORMATION_FORMAT = "dwarf-with-dsym";
				ENABLE_NS_ASSERTIONS = NO;
				ENABLE_STRICT_OBJC_MSGSEND = YES;
				GCC_C_LANGUAGE_STANDARD = gnu11;
				GCC_NO_COMMON_BLOCKS = YES;
				GCC_WARN_64_TO_32_BIT_CONVERSION = YES;
				GCC_WARN_ABOUT_RETURN_TYPE = YES_ERROR;
				GCC_WARN_UNDECLARED_SELECTOR = YES;
				GCC_WARN_UNINITIALIZED_AUTOS = YES_AGGRESSIVE;
				GCC_WARN_UNUSED_FUNCTION = YES;
				GCC_WARN_UNUSED_VARIABLE = YES;
				IPHONEOS_DEPLOYMENT_TARGET = 12.0;
				MTL_ENABLE_DEBUG_INFO = NO;
				MTL_FAST_MATH = YES;
				SDKROOT = iphoneos;
				SWIFT_COMPILATION_MODE = wholemodule;
				SWIFT_OPTIMIZATION_LEVEL = "-O";
				VALIDATE_PRODUCT = YES;
			};
			name = Release;
		};
		FE8B9683219D0816009DE6D8 /* Debug */ = {
			isa = XCBuildConfiguration;
			buildSettings = {
				ASSETCATALOG_COMPILER_APPICON_NAME = AppIcon;
				CODE_SIGN_STYLE = Automatic;
				DEVELOPMENT_TEAM = DFUU36AARG;
				INFOPLIST_FILE = Habitual/Info.plist;
				LD_RUNPATH_SEARCH_PATHS = (
					"$(inherited)",
					"@executable_path/Frameworks",
				);
				PRODUCT_BUNDLE_IDENTIFIER = makeschool.Habitual;
				PRODUCT_NAME = "$(TARGET_NAME)";
				SWIFT_VERSION = 4.2;
				TARGETED_DEVICE_FAMILY = "1,2";
			};
			name = Debug;
		};
		FE8B9684219D0816009DE6D8 /* Release */ = {
			isa = XCBuildConfiguration;
			buildSettings = {
				ASSETCATALOG_COMPILER_APPICON_NAME = AppIcon;
				CODE_SIGN_STYLE = Automatic;
				DEVELOPMENT_TEAM = DFUU36AARG;
				INFOPLIST_FILE = Habitual/Info.plist;
				LD_RUNPATH_SEARCH_PATHS = (
					"$(inherited)",
					"@executable_path/Frameworks",
				);
				PRODUCT_BUNDLE_IDENTIFIER = makeschool.Habitual;
				PRODUCT_NAME = "$(TARGET_NAME)";
				SWIFT_VERSION = 4.2;
				TARGETED_DEVICE_FAMILY = "1,2";
			};
			name = Release;
		};
/* End XCBuildConfiguration section */

/* Begin XCConfigurationList section */
		FE8B966B219D0814009DE6D8 /* Build configuration list for PBXProject "Habitual" */ = {
			isa = XCConfigurationList;
			buildConfigurations = (
				FE8B9680219D0816009DE6D8 /* Debug */,
				FE8B9681219D0816009DE6D8 /* Release */,
			);
			defaultConfigurationIsVisible = 0;
			defaultConfigurationName = Release;
		};
		FE8B9682219D0816009DE6D8 /* Build configuration list for PBXNativeTarget "Habitual" */ = {
			isa = XCConfigurationList;
			buildConfigurations = (
				FE8B9683219D0816009DE6D8 /* Debug */,
				FE8B9684219D0816009DE6D8 /* Release */,
			);
			defaultConfigurationIsVisible = 0;
			defaultConfigurationName = Release;
		};
/* End XCConfigurationList section */
	};
	rootObject = FE8B9668219D0814009DE6D8 /* Project object */;
}
