// !$*UTF8*$!
{
	archiveVersion = 1;
	classes = {
	};
	objectVersion = 50;
	objects = {

/* Begin PBXBuildFile section */
		1388D2659BD7008E997DD10C /* Pods_FinalProjectUITests.framework in Frameworks */ = {isa = PBXBuildFile; fileRef = 241BA267190123EC01240106 /* Pods_FinalProjectUITests.framework */; };
		3CA92AAE849B5B0B935A783D /* Pods_FinalProjectTests.framework in Frameworks */ = {isa = PBXBuildFile; fileRef = 09CAB0E15A96C11AE3FCBDBA /* Pods_FinalProjectTests.framework */; };
		B3A066135A982F3A0B8EFA83 /* Pods_FinalProject.framework in Frameworks */ = {isa = PBXBuildFile; fileRef = 174D2ADFFAAF48E2C3B49B7F /* Pods_FinalProject.framework */; };
		FE650C9922C5895E0023BAA2 /* AppDelegate.swift in Sources */ = {isa = PBXBuildFile; fileRef = FE650C9822C5895E0023BAA2 /* AppDelegate.swift */; };
		FE650C9B22C5895E0023BAA2 /* HomeController.swift in Sources */ = {isa = PBXBuildFile; fileRef = FE650C9A22C5895E0023BAA2 /* HomeController.swift */; };
		FE650C9E22C5895E0023BAA2 /* Main.storyboard in Resources */ = {isa = PBXBuildFile; fileRef = FE650C9C22C5895E0023BAA2 /* Main.storyboard */; };
		FE650CA022C589610023BAA2 /* Assets.xcassets in Resources */ = {isa = PBXBuildFile; fileRef = FE650C9F22C589610023BAA2 /* Assets.xcassets */; };
		FE650CA322C589610023BAA2 /* LaunchScreen.storyboard in Resources */ = {isa = PBXBuildFile; fileRef = FE650CA122C589610023BAA2 /* LaunchScreen.storyboard */; };
		FE650CAE22C589610023BAA2 /* FinalProjectTests.swift in Sources */ = {isa = PBXBuildFile; fileRef = FE650CAD22C589610023BAA2 /* FinalProjectTests.swift */; };
		FE650CB922C589610023BAA2 /* FinalProjectUITests.swift in Sources */ = {isa = PBXBuildFile; fileRef = FE650CB822C589610023BAA2 /* FinalProjectUITests.swift */; };
		FE76CC7122C5AB7100BB5453 /* MainCollectionViewCell.swift in Sources */ = {isa = PBXBuildFile; fileRef = FE76CC7022C5AB7100BB5453 /* MainCollectionViewCell.swift */; };
		FED1E1C922C66E3200288D09 /* PhotoMetadata.swift in Sources */ = {isa = PBXBuildFile; fileRef = FED1E1C822C66E3100288D09 /* PhotoMetadata.swift */; };
/* End PBXBuildFile section */

/* Begin PBXContainerItemProxy section */
		FE650CAA22C589610023BAA2 /* PBXContainerItemProxy */ = {
			isa = PBXContainerItemProxy;
			containerPortal = FE650C8D22C5895E0023BAA2 /* Project object */;
			proxyType = 1;
			remoteGlobalIDString = FE650C9422C5895E0023BAA2;
			remoteInfo = FinalProject;
		};
		FE650CB522C589610023BAA2 /* PBXContainerItemProxy */ = {
			isa = PBXContainerItemProxy;
			containerPortal = FE650C8D22C5895E0023BAA2 /* Project object */;
			proxyType = 1;
			remoteGlobalIDString = FE650C9422C5895E0023BAA2;
			remoteInfo = FinalProject;
		};
/* End PBXContainerItemProxy section */

/* Begin PBXFileReference section */
		09CAB0E15A96C11AE3FCBDBA /* Pods_FinalProjectTests.framework */ = {isa = PBXFileReference; explicitFileType = wrapper.framework; includeInIndex = 0; path = Pods_FinalProjectTests.framework; sourceTree = BUILT_PRODUCTS_DIR; };
		174D2ADFFAAF48E2C3B49B7F /* Pods_FinalProject.framework */ = {isa = PBXFileReference; explicitFileType = wrapper.framework; includeInIndex = 0; path = Pods_FinalProject.framework; sourceTree = BUILT_PRODUCTS_DIR; };
		241BA267190123EC01240106 /* Pods_FinalProjectUITests.framework */ = {isa = PBXFileReference; explicitFileType = wrapper.framework; includeInIndex = 0; path = Pods_FinalProjectUITests.framework; sourceTree = BUILT_PRODUCTS_DIR; };
		51F9617582D7C9526D871E11 /* Pods-FinalProjectUITests.debug.xcconfig */ = {isa = PBXFileReference; includeInIndex = 1; lastKnownFileType = text.xcconfig; name = "Pods-FinalProjectUITests.debug.xcconfig"; path = "Pods/Target Support Files/Pods-FinalProjectUITests/Pods-FinalProjectUITests.debug.xcconfig"; sourceTree = "<group>"; };
		8C0654287CEACC0CD2FCB1F3 /* Pods-FinalProject.debug.xcconfig */ = {isa = PBXFileReference; includeInIndex = 1; lastKnownFileType = text.xcconfig; name = "Pods-FinalProject.debug.xcconfig"; path = "Pods/Target Support Files/Pods-FinalProject/Pods-FinalProject.debug.xcconfig"; sourceTree = "<group>"; };
		9A1F936E5ED85C637FD179D3 /* Pods-FinalProjectTests.debug.xcconfig */ = {isa = PBXFileReference; includeInIndex = 1; lastKnownFileType = text.xcconfig; name = "Pods-FinalProjectTests.debug.xcconfig"; path = "Pods/Target Support Files/Pods-FinalProjectTests/Pods-FinalProjectTests.debug.xcconfig"; sourceTree = "<group>"; };
		EC6CEFD6E287A7CE2D0E9DD8 /* Pods-FinalProject.release.xcconfig */ = {isa = PBXFileReference; includeInIndex = 1; lastKnownFileType = text.xcconfig; name = "Pods-FinalProject.release.xcconfig"; path = "Pods/Target Support Files/Pods-FinalProject/Pods-FinalProject.release.xcconfig"; sourceTree = "<group>"; };
		EF41289BF5AF2D8DC5F10669 /* Pods-FinalProjectUITests.release.xcconfig */ = {isa = PBXFileReference; includeInIndex = 1; lastKnownFileType = text.xcconfig; name = "Pods-FinalProjectUITests.release.xcconfig"; path = "Pods/Target Support Files/Pods-FinalProjectUITests/Pods-FinalProjectUITests.release.xcconfig"; sourceTree = "<group>"; };
		FB7AC8D8EE835D3FE3F14E02 /* Pods-FinalProjectTests.release.xcconfig */ = {isa = PBXFileReference; includeInIndex = 1; lastKnownFileType = text.xcconfig; name = "Pods-FinalProjectTests.release.xcconfig"; path = "Pods/Target Support Files/Pods-FinalProjectTests/Pods-FinalProjectTests.release.xcconfig"; sourceTree = "<group>"; };
		FE650C9522C5895E0023BAA2 /* FinalProject.app */ = {isa = PBXFileReference; explicitFileType = wrapper.application; includeInIndex = 0; path = FinalProject.app; sourceTree = BUILT_PRODUCTS_DIR; };
		FE650C9822C5895E0023BAA2 /* AppDelegate.swift */ = {isa = PBXFileReference; lastKnownFileType = sourcecode.swift; path = AppDelegate.swift; sourceTree = "<group>"; };
		FE650C9A22C5895E0023BAA2 /* HomeController.swift */ = {isa = PBXFileReference; lastKnownFileType = sourcecode.swift; path = HomeController.swift; sourceTree = "<group>"; };
		FE650C9D22C5895E0023BAA2 /* Base */ = {isa = PBXFileReference; lastKnownFileType = file.storyboard; name = Base; path = Base.lproj/Main.storyboard; sourceTree = "<group>"; };
		FE650C9F22C589610023BAA2 /* Assets.xcassets */ = {isa = PBXFileReference; lastKnownFileType = folder.assetcatalog; path = Assets.xcassets; sourceTree = "<group>"; };
		FE650CA222C589610023BAA2 /* Base */ = {isa = PBXFileReference; lastKnownFileType = file.storyboard; name = Base; path = Base.lproj/LaunchScreen.storyboard; sourceTree = "<group>"; };
		FE650CA422C589610023BAA2 /* Info.plist */ = {isa = PBXFileReference; lastKnownFileType = text.plist.xml; path = Info.plist; sourceTree = "<group>"; };
		FE650CA922C589610023BAA2 /* FinalProjectTests.xctest */ = {isa = PBXFileReference; explicitFileType = wrapper.cfbundle; includeInIndex = 0; path = FinalProjectTests.xctest; sourceTree = BUILT_PRODUCTS_DIR; };
		FE650CAD22C589610023BAA2 /* FinalProjectTests.swift */ = {isa = PBXFileReference; lastKnownFileType = sourcecode.swift; path = FinalProjectTests.swift; sourceTree = "<group>"; };
		FE650CAF22C589610023BAA2 /* Info.plist */ = {isa = PBXFileReference; lastKnownFileType = text.plist.xml; path = Info.plist; sourceTree = "<group>"; };
		FE650CB422C589610023BAA2 /* FinalProjectUITests.xctest */ = {isa = PBXFileReference; explicitFileType = wrapper.cfbundle; includeInIndex = 0; path = FinalProjectUITests.xctest; sourceTree = BUILT_PRODUCTS_DIR; };
		FE650CB822C589610023BAA2 /* FinalProjectUITests.swift */ = {isa = PBXFileReference; lastKnownFileType = sourcecode.swift; path = FinalProjectUITests.swift; sourceTree = "<group>"; };
		FE650CBA22C589610023BAA2 /* Info.plist */ = {isa = PBXFileReference; lastKnownFileType = text.plist.xml; path = Info.plist; sourceTree = "<group>"; };
		FE76CC7022C5AB7100BB5453 /* MainCollectionViewCell.swift */ = {isa = PBXFileReference; lastKnownFileType = sourcecode.swift; path = MainCollectionViewCell.swift; sourceTree = "<group>"; };
		FED1E1C822C66E3100288D09 /* PhotoMetadata.swift */ = {isa = PBXFileReference; lastKnownFileType = sourcecode.swift; path = PhotoMetadata.swift; sourceTree = "<group>"; };
/* End PBXFileReference section */

/* Begin PBXFrameworksBuildPhase section */
		FE650C9222C5895E0023BAA2 /* Frameworks */ = {
			isa = PBXFrameworksBuildPhase;
			buildActionMask = 2147483647;
			files = (
				B3A066135A982F3A0B8EFA83 /* Pods_FinalProject.framework in Frameworks */,
			);
			runOnlyForDeploymentPostprocessing = 0;
		};
		FE650CA622C589610023BAA2 /* Frameworks */ = {
			isa = PBXFrameworksBuildPhase;
			buildActionMask = 2147483647;
			files = (
				3CA92AAE849B5B0B935A783D /* Pods_FinalProjectTests.framework in Frameworks */,
			);
			runOnlyForDeploymentPostprocessing = 0;
		};
		FE650CB122C589610023BAA2 /* Frameworks */ = {
			isa = PBXFrameworksBuildPhase;
			buildActionMask = 2147483647;
			files = (
				1388D2659BD7008E997DD10C /* Pods_FinalProjectUITests.framework in Frameworks */,
			);
			runOnlyForDeploymentPostprocessing = 0;
		};
/* End PBXFrameworksBuildPhase section */

/* Begin PBXGroup section */
		13719CA580F4697F3C8DA10D /* Frameworks */ = {
			isa = PBXGroup;
			children = (
				174D2ADFFAAF48E2C3B49B7F /* Pods_FinalProject.framework */,
				09CAB0E15A96C11AE3FCBDBA /* Pods_FinalProjectTests.framework */,
				241BA267190123EC01240106 /* Pods_FinalProjectUITests.framework */,
			);
			name = Frameworks;
			sourceTree = "<group>";
		};
		49058827318254AE57F64C68 /* Pods */ = {
			isa = PBXGroup;
			children = (
				8C0654287CEACC0CD2FCB1F3 /* Pods-FinalProject.debug.xcconfig */,
				EC6CEFD6E287A7CE2D0E9DD8 /* Pods-FinalProject.release.xcconfig */,
				9A1F936E5ED85C637FD179D3 /* Pods-FinalProjectTests.debug.xcconfig */,
				FB7AC8D8EE835D3FE3F14E02 /* Pods-FinalProjectTests.release.xcconfig */,
				51F9617582D7C9526D871E11 /* Pods-FinalProjectUITests.debug.xcconfig */,
				EF41289BF5AF2D8DC5F10669 /* Pods-FinalProjectUITests.release.xcconfig */,
			);
			name = Pods;
			sourceTree = "<group>";
		};
		FE650C8C22C5895E0023BAA2 = {
			isa = PBXGroup;
			children = (
				FE650C9722C5895E0023BAA2 /* FinalProject */,
				FE650CAC22C589610023BAA2 /* FinalProjectTests */,
				FE650CB722C589610023BAA2 /* FinalProjectUITests */,
				FE650C9622C5895E0023BAA2 /* Products */,
				49058827318254AE57F64C68 /* Pods */,
				13719CA580F4697F3C8DA10D /* Frameworks */,
			);
			sourceTree = "<group>";
		};
		FE650C9622C5895E0023BAA2 /* Products */ = {
			isa = PBXGroup;
			children = (
				FE650C9522C5895E0023BAA2 /* FinalProject.app */,
				FE650CA922C589610023BAA2 /* FinalProjectTests.xctest */,
				FE650CB422C589610023BAA2 /* FinalProjectUITests.xctest */,
			);
			name = Products;
			sourceTree = "<group>";
		};
		FE650C9722C5895E0023BAA2 /* FinalProject */ = {
			isa = PBXGroup;
			children = (
				FE76CC7222C6500200BB5453 /* Singleton */,
				FED1E1C722C6517E00288D09 /* Model */,
				FED1E1C522C650ED00288D09 /* Controllers */,
				FED1E1C422C650DE00288D09 /* Views */,
				FED1E1C622C6511800288D09 /* Resources */,
			);
			path = FinalProject;
			sourceTree = "<group>";
		};
		FE650CAC22C589610023BAA2 /* FinalProjectTests */ = {
			isa = PBXGroup;
			children = (
				FE650CAD22C589610023BAA2 /* FinalProjectTests.swift */,
				FE650CAF22C589610023BAA2 /* Info.plist */,
			);
			path = FinalProjectTests;
			sourceTree = "<group>";
		};
		FE650CB722C589610023BAA2 /* FinalProjectUITests */ = {
			isa = PBXGroup;
			children = (
				FE650CB822C589610023BAA2 /* FinalProjectUITests.swift */,
				FE650CBA22C589610023BAA2 /* Info.plist */,
			);
			path = FinalProjectUITests;
			sourceTree = "<group>";
		};
		FE76CC7222C6500200BB5453 /* Singleton */ = {
			isa = PBXGroup;
			children = (
				FE650C9822C5895E0023BAA2 /* AppDelegate.swift */,
			);
			path = Singleton;
			sourceTree = "<group>";
		};
		FED1E1C422C650DE00288D09 /* Views */ = {
			isa = PBXGroup;
			children = (
				FE76CC7022C5AB7100BB5453 /* MainCollectionViewCell.swift */,
			);
			path = Views;
			sourceTree = "<group>";
		};
		FED1E1C522C650ED00288D09 /* Controllers */ = {
			isa = PBXGroup;
			children = (
				FE650C9A22C5895E0023BAA2 /* HomeController.swift */,
			);
			path = Controllers;
			sourceTree = "<group>";
		};
		FED1E1C622C6511800288D09 /* Resources */ = {
			isa = PBXGroup;
			children = (
				FE650CA422C589610023BAA2 /* Info.plist */,
				FE650C9C22C5895E0023BAA2 /* Main.storyboard */,
				FE650CA122C589610023BAA2 /* LaunchScreen.storyboard */,
				FE650C9F22C589610023BAA2 /* Assets.xcassets */,
			);
			path = Resources;
			sourceTree = "<group>";
		};
		FED1E1C722C6517E00288D09 /* Model */ = {
			isa = PBXGroup;
			children = (
				FED1E1C822C66E3100288D09 /* PhotoMetadata.swift */,
			);
			path = Model;
			sourceTree = "<group>";
		};
/* End PBXGroup section */

/* Begin PBXNativeTarget section */
		FE650C9422C5895E0023BAA2 /* FinalProject */ = {
			isa = PBXNativeTarget;
			buildConfigurationList = FE650CBD22C589610023BAA2 /* Build configuration list for PBXNativeTarget "FinalProject" */;
			buildPhases = (
				A8D4464309AE2D2B54A9EA8A /* [CP] Check Pods Manifest.lock */,
				FE650C9122C5895E0023BAA2 /* Sources */,
				FE650C9222C5895E0023BAA2 /* Frameworks */,
				FE650C9322C5895E0023BAA2 /* Resources */,
				EBDBB737198BF5951BCFCC39 /* [CP] Embed Pods Frameworks */,
			);
			buildRules = (
			);
			dependencies = (
			);
			name = FinalProject;
			productName = FinalProject;
			productReference = FE650C9522C5895E0023BAA2 /* FinalProject.app */;
			productType = "com.apple.product-type.application";
		};
		FE650CA822C589610023BAA2 /* FinalProjectTests */ = {
			isa = PBXNativeTarget;
			buildConfigurationList = FE650CC022C589610023BAA2 /* Build configuration list for PBXNativeTarget "FinalProjectTests" */;
			buildPhases = (
				ADD08135CB05C8D9BB873E16 /* [CP] Check Pods Manifest.lock */,
				FE650CA522C589610023BAA2 /* Sources */,
				FE650CA622C589610023BAA2 /* Frameworks */,
				FE650CA722C589610023BAA2 /* Resources */,
			);
			buildRules = (
			);
			dependencies = (
				FE650CAB22C589610023BAA2 /* PBXTargetDependency */,
			);
			name = FinalProjectTests;
			productName = FinalProjectTests;
			productReference = FE650CA922C589610023BAA2 /* FinalProjectTests.xctest */;
			productType = "com.apple.product-type.bundle.unit-test";
		};
		FE650CB322C589610023BAA2 /* FinalProjectUITests */ = {
			isa = PBXNativeTarget;
			buildConfigurationList = FE650CC322C589610023BAA2 /* Build configuration list for PBXNativeTarget "FinalProjectUITests" */;
			buildPhases = (
				34383E68425E96B46D1553C4 /* [CP] Check Pods Manifest.lock */,
				FE650CB022C589610023BAA2 /* Sources */,
				FE650CB122C589610023BAA2 /* Frameworks */,
				FE650CB222C589610023BAA2 /* Resources */,
			);
			buildRules = (
			);
			dependencies = (
				FE650CB622C589610023BAA2 /* PBXTargetDependency */,
			);
			name = FinalProjectUITests;
			productName = FinalProjectUITests;
			productReference = FE650CB422C589610023BAA2 /* FinalProjectUITests.xctest */;
			productType = "com.apple.product-type.bundle.ui-testing";
		};
/* End PBXNativeTarget section */

/* Begin PBXProject section */
		FE650C8D22C5895E0023BAA2 /* Project object */ = {
			isa = PBXProject;
			attributes = {
				LastSwiftUpdateCheck = 1020;
				LastUpgradeCheck = 1020;
				ORGANIZATIONNAME = luxury;
				TargetAttributes = {
					FE650C9422C5895E0023BAA2 = {
						CreatedOnToolsVersion = 10.2;
					};
					FE650CA822C589610023BAA2 = {
						CreatedOnToolsVersion = 10.2;
						TestTargetID = FE650C9422C5895E0023BAA2;
					};
					FE650CB322C589610023BAA2 = {
						CreatedOnToolsVersion = 10.2;
						TestTargetID = FE650C9422C5895E0023BAA2;
					};
				};
			};
			buildConfigurationList = FE650C9022C5895E0023BAA2 /* Build configuration list for PBXProject "FinalProject" */;
			compatibilityVersion = "Xcode 9.3";
			developmentRegion = en;
			hasScannedForEncodings = 0;
			knownRegions = (
				en,
				Base,
			);
			mainGroup = FE650C8C22C5895E0023BAA2;
			productRefGroup = FE650C9622C5895E0023BAA2 /* Products */;
			projectDirPath = "";
			projectRoot = "";
			targets = (
				FE650C9422C5895E0023BAA2 /* FinalProject */,
				FE650CA822C589610023BAA2 /* FinalProjectTests */,
				FE650CB322C589610023BAA2 /* FinalProjectUITests */,
			);
		};
/* End PBXProject section */

/* Begin PBXResourcesBuildPhase section */
		FE650C9322C5895E0023BAA2 /* Resources */ = {
			isa = PBXResourcesBuildPhase;
			buildActionMask = 2147483647;
			files = (
				FE650CA322C589610023BAA2 /* LaunchScreen.storyboard in Resources */,
				FE650CA022C589610023BAA2 /* Assets.xcassets in Resources */,
				FE650C9E22C5895E0023BAA2 /* Main.storyboard in Resources */,
			);
			runOnlyForDeploymentPostprocessing = 0;
		};
		FE650CA722C589610023BAA2 /* Resources */ = {
			isa = PBXResourcesBuildPhase;
			buildActionMask = 2147483647;
			files = (
			);
			runOnlyForDeploymentPostprocessing = 0;
		};
		FE650CB222C589610023BAA2 /* Resources */ = {
			isa = PBXResourcesBuildPhase;
			buildActionMask = 2147483647;
			files = (
			);
			runOnlyForDeploymentPostprocessing = 0;
		};
/* End PBXResourcesBuildPhase section */

/* Begin PBXShellScriptBuildPhase section */
		34383E68425E96B46D1553C4 /* [CP] Check Pods Manifest.lock */ = {
			isa = PBXShellScriptBuildPhase;
			buildActionMask = 2147483647;
			files = (
			);
			inputFileListPaths = (
			);
			inputPaths = (
				"${PODS_PODFILE_DIR_PATH}/Podfile.lock",
				"${PODS_ROOT}/Manifest.lock",
			);
			name = "[CP] Check Pods Manifest.lock";
			outputFileListPaths = (
			);
			outputPaths = (
				"$(DERIVED_FILE_DIR)/Pods-FinalProjectUITests-checkManifestLockResult.txt",
			);
			runOnlyForDeploymentPostprocessing = 0;
			shellPath = /bin/sh;
			shellScript = "diff \"${PODS_PODFILE_DIR_PATH}/Podfile.lock\" \"${PODS_ROOT}/Manifest.lock\" > /dev/null\nif [ $? != 0 ] ; then\n    # print error to STDERR\n    echo \"error: The sandbox is not in sync with the Podfile.lock. Run 'pod install' or update your CocoaPods installation.\" >&2\n    exit 1\nfi\n# This output is used by Xcode 'outputs' to avoid re-running this script phase.\necho \"SUCCESS\" > \"${SCRIPT_OUTPUT_FILE_0}\"\n";
			showEnvVarsInLog = 0;
		};
		A8D4464309AE2D2B54A9EA8A /* [CP] Check Pods Manifest.lock */ = {
			isa = PBXShellScriptBuildPhase;
			buildActionMask = 2147483647;
			files = (
			);
			inputFileListPaths = (
			);
			inputPaths = (
				"${PODS_PODFILE_DIR_PATH}/Podfile.lock",
				"${PODS_ROOT}/Manifest.lock",
			);
			name = "[CP] Check Pods Manifest.lock";
			outputFileListPaths = (
			);
			outputPaths = (
				"$(DERIVED_FILE_DIR)/Pods-FinalProject-checkManifestLockResult.txt",
			);
			runOnlyForDeploymentPostprocessing = 0;
			shellPath = /bin/sh;
			shellScript = "diff \"${PODS_PODFILE_DIR_PATH}/Podfile.lock\" \"${PODS_ROOT}/Manifest.lock\" > /dev/null\nif [ $? != 0 ] ; then\n    # print error to STDERR\n    echo \"error: The sandbox is not in sync with the Podfile.lock. Run 'pod install' or update your CocoaPods installation.\" >&2\n    exit 1\nfi\n# This output is used by Xcode 'outputs' to avoid re-running this script phase.\necho \"SUCCESS\" > \"${SCRIPT_OUTPUT_FILE_0}\"\n";
			showEnvVarsInLog = 0;
		};
		ADD08135CB05C8D9BB873E16 /* [CP] Check Pods Manifest.lock */ = {
			isa = PBXShellScriptBuildPhase;
			buildActionMask = 2147483647;
			files = (
			);
			inputFileListPaths = (
			);
			inputPaths = (
				"${PODS_PODFILE_DIR_PATH}/Podfile.lock",
				"${PODS_ROOT}/Manifest.lock",
			);
			name = "[CP] Check Pods Manifest.lock";
			outputFileListPaths = (
			);
			outputPaths = (
				"$(DERIVED_FILE_DIR)/Pods-FinalProjectTests-checkManifestLockResult.txt",
			);
			runOnlyForDeploymentPostprocessing = 0;
			shellPath = /bin/sh;
			shellScript = "diff \"${PODS_PODFILE_DIR_PATH}/Podfile.lock\" \"${PODS_ROOT}/Manifest.lock\" > /dev/null\nif [ $? != 0 ] ; then\n    # print error to STDERR\n    echo \"error: The sandbox is not in sync with the Podfile.lock. Run 'pod install' or update your CocoaPods installation.\" >&2\n    exit 1\nfi\n# This output is used by Xcode 'outputs' to avoid re-running this script phase.\necho \"SUCCESS\" > \"${SCRIPT_OUTPUT_FILE_0}\"\n";
			showEnvVarsInLog = 0;
		};
		EBDBB737198BF5951BCFCC39 /* [CP] Embed Pods Frameworks */ = {
			isa = PBXShellScriptBuildPhase;
			buildActionMask = 2147483647;
			files = (
			);
			inputFileListPaths = (
			);
			inputPaths = (
				"${SRCROOT}/Pods/Target Support Files/Pods-FinalProject/Pods-FinalProject-frameworks.sh",
				"${BUILT_PRODUCTS_DIR}/Kingfisher/Kingfisher.framework",
			);
			name = "[CP] Embed Pods Frameworks";
			outputFileListPaths = (
			);
			outputPaths = (
				"${TARGET_BUILD_DIR}/${FRAMEWORKS_FOLDER_PATH}/Kingfisher.framework",
			);
			runOnlyForDeploymentPostprocessing = 0;
			shellPath = /bin/sh;
			shellScript = "\"${SRCROOT}/Pods/Target Support Files/Pods-FinalProject/Pods-FinalProject-frameworks.sh\"\n";
			showEnvVarsInLog = 0;
		};
/* End PBXShellScriptBuildPhase section */

/* Begin PBXSourcesBuildPhase section */
		FE650C9122C5895E0023BAA2 /* Sources */ = {
			isa = PBXSourcesBuildPhase;
			buildActionMask = 2147483647;
			files = (
				FE650C9B22C5895E0023BAA2 /* HomeController.swift in Sources */,
				FED1E1C922C66E3200288D09 /* PhotoMetadata.swift in Sources */,
				FE76CC7122C5AB7100BB5453 /* MainCollectionViewCell.swift in Sources */,
				FE650C9922C5895E0023BAA2 /* AppDelegate.swift in Sources */,
			);
			runOnlyForDeploymentPostprocessing = 0;
		};
		FE650CA522C589610023BAA2 /* Sources */ = {
			isa = PBXSourcesBuildPhase;
			buildActionMask = 2147483647;
			files = (
				FE650CAE22C589610023BAA2 /* FinalProjectTests.swift in Sources */,
			);
			runOnlyForDeploymentPostprocessing = 0;
		};
		FE650CB022C589610023BAA2 /* Sources */ = {
			isa = PBXSourcesBuildPhase;
			buildActionMask = 2147483647;
			files = (
				FE650CB922C589610023BAA2 /* FinalProjectUITests.swift in Sources */,
			);
			runOnlyForDeploymentPostprocessing = 0;
		};
/* End PBXSourcesBuildPhase section */

/* Begin PBXTargetDependency section */
		FE650CAB22C589610023BAA2 /* PBXTargetDependency */ = {
			isa = PBXTargetDependency;
			target = FE650C9422C5895E0023BAA2 /* FinalProject */;
			targetProxy = FE650CAA22C589610023BAA2 /* PBXContainerItemProxy */;
		};
		FE650CB622C589610023BAA2 /* PBXTargetDependency */ = {
			isa = PBXTargetDependency;
			target = FE650C9422C5895E0023BAA2 /* FinalProject */;
			targetProxy = FE650CB522C589610023BAA2 /* PBXContainerItemProxy */;
		};
/* End PBXTargetDependency section */

/* Begin PBXVariantGroup section */
		FE650C9C22C5895E0023BAA2 /* Main.storyboard */ = {
			isa = PBXVariantGroup;
			children = (
				FE650C9D22C5895E0023BAA2 /* Base */,
			);
			name = Main.storyboard;
			sourceTree = "<group>";
		};
		FE650CA122C589610023BAA2 /* LaunchScreen.storyboard */ = {
			isa = PBXVariantGroup;
			children = (
				FE650CA222C589610023BAA2 /* Base */,
			);
			name = LaunchScreen.storyboard;
			sourceTree = "<group>";
		};
/* End PBXVariantGroup section */

/* Begin XCBuildConfiguration section */
		FE650CBB22C589610023BAA2 /* Debug */ = {
			isa = XCBuildConfiguration;
			buildSettings = {
				ALWAYS_SEARCH_USER_PATHS = NO;
				CLANG_ANALYZER_NONNULL = YES;
				CLANG_ANALYZER_NUMBER_OBJECT_CONVERSION = YES_AGGRESSIVE;
				CLANG_CXX_LANGUAGE_STANDARD = "gnu++14";
				CLANG_CXX_LIBRARY = "libc++";
				CLANG_ENABLE_MODULES = YES;
				CLANG_ENABLE_OBJC_ARC = YES;
				CLANG_ENABLE_OBJC_WEAK = YES;
				CLANG_WARN_BLOCK_CAPTURE_AUTORELEASING = YES;
				CLANG_WARN_BOOL_CONVERSION = YES;
				CLANG_WARN_COMMA = YES;
				CLANG_WARN_CONSTANT_CONVERSION = YES;
				CLANG_WARN_DEPRECATED_OBJC_IMPLEMENTATIONS = YES;
				CLANG_WARN_DIRECT_OBJC_ISA_USAGE = YES_ERROR;
				CLANG_WARN_DOCUMENTATION_COMMENTS = YES;
				CLANG_WARN_EMPTY_BODY = YES;
				CLANG_WARN_ENUM_CONVERSION = YES;
				CLANG_WARN_INFINITE_RECURSION = YES;
				CLANG_WARN_INT_CONVERSION = YES;
				CLANG_WARN_NON_LITERAL_NULL_CONVERSION = YES;
				CLANG_WARN_OBJC_IMPLICIT_RETAIN_SELF = YES;
				CLANG_WARN_OBJC_LITERAL_CONVERSION = YES;
				CLANG_WARN_OBJC_ROOT_CLASS = YES_ERROR;
				CLANG_WARN_RANGE_LOOP_ANALYSIS = YES;
				CLANG_WARN_STRICT_PROTOTYPES = YES;
				CLANG_WARN_SUSPICIOUS_MOVE = YES;
				CLANG_WARN_UNGUARDED_AVAILABILITY = YES_AGGRESSIVE;
				CLANG_WARN_UNREACHABLE_CODE = YES;
				CLANG_WARN__DUPLICATE_METHOD_MATCH = YES;
				CODE_SIGN_IDENTITY = "iPhone Developer";
				COPY_PHASE_STRIP = NO;
				DEBUG_INFORMATION_FORMAT = dwarf;
				ENABLE_STRICT_OBJC_MSGSEND = YES;
				ENABLE_TESTABILITY = YES;
				GCC_C_LANGUAGE_STANDARD = gnu11;
				GCC_DYNAMIC_NO_PIC = NO;
				GCC_NO_COMMON_BLOCKS = YES;
				GCC_OPTIMIZATION_LEVEL = 0;
				GCC_PREPROCESSOR_DEFINITIONS = (
					"DEBUG=1",
					"$(inherited)",
				);
				GCC_WARN_64_TO_32_BIT_CONVERSION = YES;
				GCC_WARN_ABOUT_RETURN_TYPE = YES_ERROR;
				GCC_WARN_UNDECLARED_SELECTOR = YES;
				GCC_WARN_UNINITIALIZED_AUTOS = YES_AGGRESSIVE;
				GCC_WARN_UNUSED_FUNCTION = YES;
				GCC_WARN_UNUSED_VARIABLE = YES;
				IPHONEOS_DEPLOYMENT_TARGET = 12.2;
				MTL_ENABLE_DEBUG_INFO = INCLUDE_SOURCE;
				MTL_FAST_MATH = YES;
				ONLY_ACTIVE_ARCH = YES;
				SDKROOT = iphoneos;
				SWIFT_ACTIVE_COMPILATION_CONDITIONS = DEBUG;
				SWIFT_OPTIMIZATION_LEVEL = "-Onone";
			};
			name = Debug;
		};
		FE650CBC22C589610023BAA2 /* Release */ = {
			isa = XCBuildConfiguration;
			buildSettings = {
				ALWAYS_SEARCH_USER_PATHS = NO;
				CLANG_ANALYZER_NONNULL = YES;
				CLANG_ANALYZER_NUMBER_OBJECT_CONVERSION = YES_AGGRESSIVE;
				CLANG_CXX_LANGUAGE_STANDARD = "gnu++14";
				CLANG_CXX_LIBRARY = "libc++";
				CLANG_ENABLE_MODULES = YES;
				CLANG_ENABLE_OBJC_ARC = YES;
				CLANG_ENABLE_OBJC_WEAK = YES;
				CLANG_WARN_BLOCK_CAPTURE_AUTORELEASING = YES;
				CLANG_WARN_BOOL_CONVERSION = YES;
				CLANG_WARN_COMMA = YES;
				CLANG_WARN_CONSTANT_CONVERSION = YES;
				CLANG_WARN_DEPRECATED_OBJC_IMPLEMENTATIONS = YES;
				CLANG_WARN_DIRECT_OBJC_ISA_USAGE = YES_ERROR;
				CLANG_WARN_DOCUMENTATION_COMMENTS = YES;
				CLANG_WARN_EMPTY_BODY = YES;
				CLANG_WARN_ENUM_CONVERSION = YES;
				CLANG_WARN_INFINITE_RECURSION = YES;
				CLANG_WARN_INT_CONVERSION = YES;
				CLANG_WARN_NON_LITERAL_NULL_CONVERSION = YES;
				CLANG_WARN_OBJC_IMPLICIT_RETAIN_SELF = YES;
				CLANG_WARN_OBJC_LITERAL_CONVERSION = YES;
				CLANG_WARN_OBJC_ROOT_CLASS = YES_ERROR;
				CLANG_WARN_RANGE_LOOP_ANALYSIS = YES;
				CLANG_WARN_STRICT_PROTOTYPES = YES;
				CLANG_WARN_SUSPICIOUS_MOVE = YES;
				CLANG_WARN_UNGUARDED_AVAILABILITY = YES_AGGRESSIVE;
				CLANG_WARN_UNREACHABLE_CODE = YES;
				CLANG_WARN__DUPLICATE_METHOD_MATCH = YES;
				CODE_SIGN_IDENTITY = "iPhone Developer";
				COPY_PHASE_STRIP = NO;
				DEBUG_INFORMATION_FORMAT = "dwarf-with-dsym";
				ENABLE_NS_ASSERTIONS = NO;
				ENABLE_STRICT_OBJC_MSGSEND = YES;
				GCC_C_LANGUAGE_STANDARD = gnu11;
				GCC_NO_COMMON_BLOCKS = YES;
				GCC_WARN_64_TO_32_BIT_CONVERSION = YES;
				GCC_WARN_ABOUT_RETURN_TYPE = YES_ERROR;
				GCC_WARN_UNDECLARED_SELECTOR = YES;
				GCC_WARN_UNINITIALIZED_AUTOS = YES_AGGRESSIVE;
				GCC_WARN_UNUSED_FUNCTION = YES;
				GCC_WARN_UNUSED_VARIABLE = YES;
				IPHONEOS_DEPLOYMENT_TARGET = 12.2;
				MTL_ENABLE_DEBUG_INFO = NO;
				MTL_FAST_MATH = YES;
				SDKROOT = iphoneos;
				SWIFT_COMPILATION_MODE = wholemodule;
				SWIFT_OPTIMIZATION_LEVEL = "-O";
				VALIDATE_PRODUCT = YES;
			};
			name = Release;
		};
		FE650CBE22C589610023BAA2 /* Debug */ = {
			isa = XCBuildConfiguration;
			baseConfigurationReference = 8C0654287CEACC0CD2FCB1F3 /* Pods-FinalProject.debug.xcconfig */;
			buildSettings = {
				ASSETCATALOG_COMPILER_APPICON_NAME = AppIcon;
				CODE_SIGN_STYLE = Automatic;
				DEVELOPMENT_TEAM = DFUU36AARG;
				INFOPLIST_FILE = "$(SRCROOT)/FinalProject/Resources/Info.plist";
				LD_RUNPATH_SEARCH_PATHS = (
					"$(inherited)",
					"@executable_path/Frameworks",
				);
				PRODUCT_BUNDLE_IDENTIFIER = luxuryapps.FinalProject;
				PRODUCT_NAME = "$(TARGET_NAME)";
				SWIFT_VERSION = 5.0;
				TARGETED_DEVICE_FAMILY = "1,2";
			};
			name = Debug;
		};
		FE650CBF22C589610023BAA2 /* Release */ = {
			isa = XCBuildConfiguration;
			baseConfigurationReference = EC6CEFD6E287A7CE2D0E9DD8 /* Pods-FinalProject.release.xcconfig */;
			buildSettings = {
				ASSETCATALOG_COMPILER_APPICON_NAME = AppIcon;
				CODE_SIGN_STYLE = Automatic;
				DEVELOPMENT_TEAM = DFUU36AARG;
				INFOPLIST_FILE = "$(SRCROOT)/FinalProject/Resources/Info.plist";
				LD_RUNPATH_SEARCH_PATHS = (
					"$(inherited)",
					"@executable_path/Frameworks",
				);
				PRODUCT_BUNDLE_IDENTIFIER = luxuryapps.FinalProject;
				PRODUCT_NAME = "$(TARGET_NAME)";
				SWIFT_VERSION = 5.0;
				TARGETED_DEVICE_FAMILY = "1,2";
			};
			name = Release;
		};
		FE650CC122C589610023BAA2 /* Debug */ = {
			isa = XCBuildConfiguration;
			baseConfigurationReference = 9A1F936E5ED85C637FD179D3 /* Pods-FinalProjectTests.debug.xcconfig */;
			buildSettings = {
				ALWAYS_EMBED_SWIFT_STANDARD_LIBRARIES = YES;
				BUNDLE_LOADER = "$(TEST_HOST)";
				CODE_SIGN_STYLE = Automatic;
				DEVELOPMENT_TEAM = DFUU36AARG;
				INFOPLIST_FILE = FinalProjectTests/Info.plist;
				LD_RUNPATH_SEARCH_PATHS = (
					"$(inherited)",
					"@executable_path/Frameworks",
					"@loader_path/Frameworks",
				);
				PRODUCT_BUNDLE_IDENTIFIER = luxuryapps.FinalProjectTests;
				PRODUCT_NAME = "$(TARGET_NAME)";
				SWIFT_VERSION = 5.0;
				TARGETED_DEVICE_FAMILY = "1,2";
				TEST_HOST = "$(BUILT_PRODUCTS_DIR)/FinalProject.app/FinalProject";
			};
			name = Debug;
		};
		FE650CC222C589610023BAA2 /* Release */ = {
			isa = XCBuildConfiguration;
			baseConfigurationReference = FB7AC8D8EE835D3FE3F14E02 /* Pods-FinalProjectTests.release.xcconfig */;
			buildSettings = {
				ALWAYS_EMBED_SWIFT_STANDARD_LIBRARIES = YES;
				BUNDLE_LOADER = "$(TEST_HOST)";
				CODE_SIGN_STYLE = Automatic;
				DEVELOPMENT_TEAM = DFUU36AARG;
				INFOPLIST_FILE = FinalProjectTests/Info.plist;
				LD_RUNPATH_SEARCH_PATHS = (
					"$(inherited)",
					"@executable_path/Frameworks",
					"@loader_path/Frameworks",
				);
				PRODUCT_BUNDLE_IDENTIFIER = luxuryapps.FinalProjectTests;
				PRODUCT_NAME = "$(TARGET_NAME)";
				SWIFT_VERSION = 5.0;
				TARGETED_DEVICE_FAMILY = "1,2";
				TEST_HOST = "$(BUILT_PRODUCTS_DIR)/FinalProject.app/FinalProject";
			};
			name = Release;
		};
		FE650CC422C589610023BAA2 /* Debug */ = {
			isa = XCBuildConfiguration;
			baseConfigurationReference = 51F9617582D7C9526D871E11 /* Pods-FinalProjectUITests.debug.xcconfig */;
			buildSettings = {
				ALWAYS_EMBED_SWIFT_STANDARD_LIBRARIES = YES;
				CODE_SIGN_STYLE = Automatic;
				DEVELOPMENT_TEAM = DFUU36AARG;
				INFOPLIST_FILE = FinalProjectUITests/Info.plist;
				LD_RUNPATH_SEARCH_PATHS = (
					"$(inherited)",
					"@executable_path/Frameworks",
					"@loader_path/Frameworks",
				);
				PRODUCT_BUNDLE_IDENTIFIER = luxuryapps.FinalProjectUITests;
				PRODUCT_NAME = "$(TARGET_NAME)";
				SWIFT_VERSION = 5.0;
				TARGETED_DEVICE_FAMILY = "1,2";
				TEST_TARGET_NAME = FinalProject;
			};
			name = Debug;
		};
		FE650CC522C589610023BAA2 /* Release */ = {
			isa = XCBuildConfiguration;
			baseConfigurationReference = EF41289BF5AF2D8DC5F10669 /* Pods-FinalProjectUITests.release.xcconfig */;
			buildSettings = {
				ALWAYS_EMBED_SWIFT_STANDARD_LIBRARIES = YES;
				CODE_SIGN_STYLE = Automatic;
				DEVELOPMENT_TEAM = DFUU36AARG;
				INFOPLIST_FILE = FinalProjectUITests/Info.plist;
				LD_RUNPATH_SEARCH_PATHS = (
					"$(inherited)",
					"@executable_path/Frameworks",
					"@loader_path/Frameworks",
				);
				PRODUCT_BUNDLE_IDENTIFIER = luxuryapps.FinalProjectUITests;
				PRODUCT_NAME = "$(TARGET_NAME)";
				SWIFT_VERSION = 5.0;
				TARGETED_DEVICE_FAMILY = "1,2";
				TEST_TARGET_NAME = FinalProject;
			};
			name = Release;
		};
/* End XCBuildConfiguration section */

/* Begin XCConfigurationList section */
		FE650C9022C5895E0023BAA2 /* Build configuration list for PBXProject "FinalProject" */ = {
			isa = XCConfigurationList;
			buildConfigurations = (
				FE650CBB22C589610023BAA2 /* Debug */,
				FE650CBC22C589610023BAA2 /* Release */,
			);
			defaultConfigurationIsVisible = 0;
			defaultConfigurationName = Release;
		};
		FE650CBD22C589610023BAA2 /* Build configuration list for PBXNativeTarget "FinalProject" */ = {
			isa = XCConfigurationList;
			buildConfigurations = (
				FE650CBE22C589610023BAA2 /* Debug */,
				FE650CBF22C589610023BAA2 /* Release */,
			);
			defaultConfigurationIsVisible = 0;
			defaultConfigurationName = Release;
		};
		FE650CC022C589610023BAA2 /* Build configuration list for PBXNativeTarget "FinalProjectTests" */ = {
			isa = XCConfigurationList;
			buildConfigurations = (
				FE650CC122C589610023BAA2 /* Debug */,
				FE650CC222C589610023BAA2 /* Release */,
			);
			defaultConfigurationIsVisible = 0;
			defaultConfigurationName = Release;
		};
		FE650CC322C589610023BAA2 /* Build configuration list for PBXNativeTarget "FinalProjectUITests" */ = {
			isa = XCConfigurationList;
			buildConfigurations = (
				FE650CC422C589610023BAA2 /* Debug */,
				FE650CC522C589610023BAA2 /* Release */,
			);
			defaultConfigurationIsVisible = 0;
			defaultConfigurationName = Release;
		};
/* End XCConfigurationList section */
	};
	rootObject = FE650C8D22C5895E0023BAA2 /* Project object */;
}
